<?xml version="1.0" encoding="utf-8"?>
<Project ToolsVersion="4.0" xmlns="http://schemas.microsoft.com/developer/msbuild/2003">
  <ItemGroup>
    <Filter Include="Source Files">
      <UniqueIdentifier>{4FC737F1-C7A5-4376-A066-2A32D752A2FF}</UniqueIdentifier>
      <Extensions>cpp;c;cc;cxx;c++;cppm;ixx;def;odl;idl;hpj;bat;asm;asmx</Extensions>
    </Filter>
    <Filter Include="Header Files">
      <UniqueIdentifier>{93995380-89BD-4b04-88EB-625FBE52EBFB}</UniqueIdentifier>
      <Extensions>h;hh;hpp;hxx;h++;hm;inl;inc;ipp;xsd</Extensions>
    </Filter>
    <Filter Include="Resource Files">
      <UniqueIdentifier>{67DA6AB6-F800-4c08-8B7A-83BB121AAD01}</UniqueIdentifier>
      <Extensions>rc;ico;cur;bmp;dlg;rc2;rct;bin;rgs;gif;jpg;jpeg;jpe;resx;tiff;tif;png;wav;mfcribbon-ms</Extensions>
    </Filter>
    <Filter Include="Source Files\GameComponents">
      <UniqueIdentifier>{a7d8c314-40a6-47ee-95a0-a109580759eb}</UniqueIdentifier>
    </Filter>
    <Filter Include="Header Files\GameComponents">
      <UniqueIdentifier>{b3c94d1a-e158-476b-b607-bc6949d7a92c}</UniqueIdentifier>
    </Filter>
    <Filter Include="Header Files\Input">
      <UniqueIdentifier>{d4033e8e-25ef-4284-b072-81c12083e898}</UniqueIdentifier>
    </Filter>
    <Filter Include="Source Files\Input">
      <UniqueIdentifier>{0ad1e12c-e582-4156-a7a0-5889656c9798}</UniqueIdentifier>
    </Filter>
  </ItemGroup>
  <ItemGroup>
    <ClCompile Include="DisplayWin32.cpp">
      <Filter>Source Files</Filter>
    </ClCompile>
    <ClCompile Include="startup.cpp">
      <Filter>Source Files</Filter>
    </ClCompile>
    <ClCompile Include="WindowContainer.cpp">
      <Filter>Source Files</Filter>
    </ClCompile>
    <ClCompile Include="GameComponent.cpp">
      <Filter>Source Files\GameComponents</Filter>
    </ClCompile>
    <ClCompile Include="Game.cpp">
      <Filter>Source Files</Filter>
    </ClCompile>
    <ClCompile Include="Mouse.cpp">
      <Filter>Source Files\Input</Filter>
    </ClCompile>
    <ClCompile Include="SphereComponent.cpp">
      <Filter>Source Files\GameComponents</Filter>
    </ClCompile>
    <ClCompile Include="Keyboard.cpp">
      <Filter>Source Files\Input</Filter>
    </ClCompile>
    <ClCompile Include="KeyboardEvent.cpp">
      <Filter>Source Files\Input</Filter>
    </ClCompile>
    <ClCompile Include="Camera.cpp">
      <Filter>Source Files</Filter>
    </ClCompile>
    <ClCompile Include="SimpleMath.cpp">
      <Filter>Source Files</Filter>
    </ClCompile>
    <ClCompile Include="CameraHandlerComponent.cpp">
      <Filter>Source Files\GameComponents</Filter>
    </ClCompile>
    <ClCompile Include="Delegates.cpp">
      <Filter>Source Files</Filter>
    </ClCompile>
    <ClCompile Include="RadialComponent.cpp">
      <Filter>Source Files\GameComponents</Filter>
    </ClCompile>
  </ItemGroup>
  <ItemGroup>
    <ClInclude Include="DisplayWin32.h">
      <Filter>Header Files</Filter>
    </ClInclude>
    <ClInclude Include="Game.h">
      <Filter>Header Files</Filter>
    </ClInclude>
    <ClInclude Include="resource.h">
      <Filter>Header Files</Filter>
    </ClInclude>
    <ClInclude Include="WindowContainer.h">
      <Filter>Header Files</Filter>
    </ClInclude>
    <ClInclude Include="GameComponent.h">
      <Filter>Header Files\GameComponents</Filter>
    </ClInclude>
    <ClInclude Include="ConstantBuffer.h">
      <Filter>Header Files</Filter>
    </ClInclude>
    <ClInclude Include="Mouse.h">
      <Filter>Header Files\Input</Filter>
    </ClInclude>
    <ClInclude Include="SphereComponent.h">
      <Filter>Header Files\GameComponents</Filter>
    </ClInclude>
    <ClInclude Include="Delegates.h">
      <Filter>Header Files</Filter>
    </ClInclude>
    <ClInclude Include="Keyboard.h">
      <Filter>Header Files\Input</Filter>
    </ClInclude>
    <ClInclude Include="KeyboardEvent.h">
      <Filter>Header Files\Input</Filter>
    </ClInclude>
    <ClInclude Include="KeyboardEventType.h">
      <Filter>Header Files\Input</Filter>
    </ClInclude>
    <ClInclude Include="MouseButton.h">
      <Filter>Header Files\Input</Filter>
    </ClInclude>
    <ClInclude Include="MouseKeys.h">
      <Filter>Header Files\Input</Filter>
    </ClInclude>
    <ClInclude Include="Camera.h">
      <Filter>Header Files</Filter>
    </ClInclude>
    <ClInclude Include="SimpleMath.h">
      <Filter>Header Files</Filter>
    </ClInclude>
    <ClInclude Include="CameraHandlerComponent.h">
      <Filter>Header Files\GameComponents</Filter>
    </ClInclude>
    <ClInclude Include="RadialComponent.h">
      <Filter>Header Files\GameComponents</Filter>
    </ClInclude>
  </ItemGroup>
  <ItemGroup>
    <ResourceCompile Include="DirectX.rc">
      <Filter>Resource Files</Filter>
    </ResourceCompile>
  </ItemGroup>
  <ItemGroup>
    <None Include="SimpleMath.inl">
      <Filter>Header Files</Filter>
    </None>
  </ItemGroup>
</Project>